
Microsoft Visual Studio Solution File, Format Version 12.00
# Visual Studio Version 17
VisualStudioVersion = 17.14.36212.18
MinimumVisualStudioVersion = 10.0.40219.1
Project("{8BC9CEB8-8B4A-11D0-8D11-00A0C91BC942}") = "Screamo", "Screamo.vcxproj", "{4FAA3667-72F0-6212-0B31-81F000FC30F0}"
EndProject
Project("{8BC9CEB8-8B4A-11D0-8D11-00A0C91BC942}") = "Screamo_Master", "Screamo_Master.vcxproj", "{182257F9-5219-7547-45D6-E38FC164E9B4}"
EndProject
Project("{8BC9CEB8-8B4A-11D0-8D11-00A0C91BC942}") = "Screamo_Slave", "..\Screamo_Slave\Screamo_Slave.vcxproj", "{322D7535-E70D-832E-A541-BC0366F2AA0C}"
EndProject
Project("{2150E333-8FDC-42A3-9474-1A3956D46DE8}") = "Solution Items", "Solution Items", "{8EC462FD-D22E-90A8-E5CE-7E832BA40C5D}"
	ProjectSection(SolutionItems) = preProject
		..\libraries\Pinball_Centipede\Pinball_Centipede.cpp = ..\libraries\Pinball_Centipede\Pinball_Centipede.cpp
		..\libraries\Pinball_Centipede\Pinball_Centipede.h = ..\libraries\Pinball_Centipede\Pinball_Centipede.h
		..\libraries\Pinball_Consts\Pinball_Consts.cpp = ..\libraries\Pinball_Consts\Pinball_Consts.cpp
		..\libraries\Pinball_Consts\Pinball_Consts.h = ..\libraries\Pinball_Consts\Pinball_Consts.h
		..\libraries\Pinball_Functions\Pinball_Functions.cpp = ..\libraries\Pinball_Functions\Pinball_Functions.cpp
		..\libraries\Pinball_Functions\Pinball_Functions.h = ..\libraries\Pinball_Functions\Pinball_Functions.h
		..\libraries\Pinball_LCD\Pinball_LCD.cpp = ..\libraries\Pinball_LCD\Pinball_LCD.cpp
		..\libraries\Pinball_LCD\Pinball_LCD.h = ..\libraries\Pinball_LCD\Pinball_LCD.h
		..\libraries\Pinball_Message\Pinball_Message.cpp = ..\libraries\Pinball_Message\Pinball_Message.cpp
		..\libraries\Pinball_Message\Pinball_Message.h = ..\libraries\Pinball_Message\Pinball_Message.h
	EndProjectSection
EndProject
Global
	GlobalSection(SolutionConfigurationPlatforms) = preSolution
		Debug|x64 = Debug|x64
		Debug|x86 = Debug|x86
		Release|x64 = Release|x64
		Release|x86 = Release|x86
	EndGlobalSection
	GlobalSection(ProjectConfigurationPlatforms) = postSolution
		{4FAA3667-72F0-6212-0B31-81F000FC30F0}.Debug|x64.ActiveCfg = Debug|x64
		{4FAA3667-72F0-6212-0B31-81F000FC30F0}.Debug|x64.Build.0 = Debug|x64
		{4FAA3667-72F0-6212-0B31-81F000FC30F0}.Debug|x86.ActiveCfg = Debug|Win32
		{4FAA3667-72F0-6212-0B31-81F000FC30F0}.Debug|x86.Build.0 = Debug|Win32
		{4FAA3667-72F0-6212-0B31-81F000FC30F0}.Release|x64.ActiveCfg = Release|x64
		{4FAA3667-72F0-6212-0B31-81F000FC30F0}.Release|x64.Build.0 = Release|x64
		{4FAA3667-72F0-6212-0B31-81F000FC30F0}.Release|x86.ActiveCfg = Release|Win32
		{4FAA3667-72F0-6212-0B31-81F000FC30F0}.Release|x86.Build.0 = Release|Win32
		{182257F9-5219-7547-45D6-E38FC164E9B4}.Debug|x64.ActiveCfg = Debug|ARM
		{182257F9-5219-7547-45D6-E38FC164E9B4}.Debug|x64.Build.0 = Debug|ARM
		{182257F9-5219-7547-45D6-E38FC164E9B4}.Debug|x64.Deploy.0 = Debug|ARM
		{182257F9-5219-7547-45D6-E38FC164E9B4}.Debug|x86.ActiveCfg = Debug|ARM
		{182257F9-5219-7547-45D6-E38FC164E9B4}.Debug|x86.Build.0 = Debug|ARM
		{182257F9-5219-7547-45D6-E38FC164E9B4}.Debug|x86.Deploy.0 = Debug|ARM
		{182257F9-5219-7547-45D6-E38FC164E9B4}.Release|x64.ActiveCfg = Release|ARM64
		{182257F9-5219-7547-45D6-E38FC164E9B4}.Release|x64.Build.0 = Release|ARM64
		{182257F9-5219-7547-45D6-E38FC164E9B4}.Release|x64.Deploy.0 = Release|ARM64
		{182257F9-5219-7547-45D6-E38FC164E9B4}.Release|x86.ActiveCfg = Release|ARM
		{182257F9-5219-7547-45D6-E38FC164E9B4}.Release|x86.Build.0 = Release|ARM
		{182257F9-5219-7547-45D6-E38FC164E9B4}.Release|x86.Deploy.0 = Release|ARM
		{322D7535-E70D-832E-A541-BC0366F2AA0C}.Debug|x64.ActiveCfg = Debug|ARM
		{322D7535-E70D-832E-A541-BC0366F2AA0C}.Debug|x64.Build.0 = Debug|ARM
		{322D7535-E70D-832E-A541-BC0366F2AA0C}.Debug|x64.Deploy.0 = Debug|ARM
		{322D7535-E70D-832E-A541-BC0366F2AA0C}.Debug|x86.ActiveCfg = Debug|ARM
		{322D7535-E70D-832E-A541-BC0366F2AA0C}.Debug|x86.Build.0 = Debug|ARM
		{322D7535-E70D-832E-A541-BC0366F2AA0C}.Debug|x86.Deploy.0 = Debug|ARM
		{322D7535-E70D-832E-A541-BC0366F2AA0C}.Release|x64.ActiveCfg = Release|ARM64
		{322D7535-E70D-832E-A541-BC0366F2AA0C}.Release|x64.Build.0 = Release|ARM64
		{322D7535-E70D-832E-A541-BC0366F2AA0C}.Release|x64.Deploy.0 = Release|ARM64
		{322D7535-E70D-832E-A541-BC0366F2AA0C}.Release|x86.ActiveCfg = Release|ARM
		{322D7535-E70D-832E-A541-BC0366F2AA0C}.Release|x86.Build.0 = Release|ARM
		{322D7535-E70D-832E-A541-BC0366F2AA0C}.Release|x86.Deploy.0 = Release|ARM
	EndGlobalSection
	GlobalSection(SolutionProperties) = preSolution
		HideSolutionNode = FALSE
	EndGlobalSection
	GlobalSection(ExtensibilityGlobals) = postSolution
		SolutionGuid = {469680FE-7600-431B-924A-95196BDB0BDD}
	EndGlobalSection
EndGlobal
