
Microsoft Visual Studio Solution File, Format Version 12.00
# Visual Studio Version 17
VisualStudioVersion = 17.5.33424.131
MinimumVisualStudioVersion = 10.0.40219.1
Project("{8BC9CEB8-8B4A-11D0-8D11-00A0C91BC942}") = "O_MAS", "O_MAS.vcxproj", "{37FDD4C5-FC2F-489C-90A5-403320030838}"
EndProject
Project("{8BC9CEB8-8B4A-11D0-8D11-00A0C91BC942}") = "O_BTN", "..\O_BTN\O_BTN.vcxproj", "{5BFFD5C2-8FDD-4662-8DBC-D4FF3A490A2A}"
EndProject
Project("{8BC9CEB8-8B4A-11D0-8D11-00A0C91BC942}") = "O_LED", "..\O_LED\O_LED.vcxproj", "{3E9386B9-C817-410E-B088-BEABCF13C5DB}"
EndProject
Project("{8BC9CEB8-8B4A-11D0-8D11-00A0C91BC942}") = "O_LEG", "..\O_LEG\O_LEG.vcxproj", "{70F4EDFE-F816-4F4B-98B5-5E0D34599CB6}"
EndProject
Project("{8BC9CEB8-8B4A-11D0-8D11-00A0C91BC942}") = "O_OCC", "..\O_OCC\O_OCC.vcxproj", "{13BC6503-4054-4C2B-B015-DB4538311FA3}"
EndProject
Project("{8BC9CEB8-8B4A-11D0-8D11-00A0C91BC942}") = "O_SNS", "..\O_SNS\O_SNS.vcxproj", "{E1AFC5D6-7103-4B32-BBDD-FF491A8AFC14}"
EndProject
Project("{8BC9CEB8-8B4A-11D0-8D11-00A0C91BC942}") = "O_SWT", "..\O_SWT\O_SWT.vcxproj", "{C0876F29-90B0-46A6-9017-A065C8D33E5F}"
EndProject
Project("{8BC9CEB8-8B4A-11D0-8D11-00A0C91BC942}") = "O_FRAM_Duplicator", "..\O_FRAM_Duplicator\O_FRAM_Duplicator.vcxproj", "{E316E33F-CACB-4AA8-AB87-B50C7E39C23F}"
EndProject
Project("{8BC9CEB8-8B4A-11D0-8D11-00A0C91BC942}") = "O_FRAM_Populator", "..\O_FRAM_Populator\O_FRAM_Populator.vcxproj", "{CC6542A7-DF6E-44D2-8C1E-D288F7F32C95}"
EndProject
Project("{8BC9CEB8-8B4A-11D0-8D11-00A0C91BC942}") = "O_Roller_Speed", "..\O_Roller_Speed\O_Roller_Speed.vcxproj", "{6BF34FBA-3CFD-4D8B-8878-7EE8203A0548}"
EndProject
Project("{8BC9CEB8-8B4A-11D0-8D11-00A0C91BC942}") = "O_Roller_Distance", "..\O_Roller_Distance\O_Roller_Distance.vcxproj", "{65F33D18-A912-4AC3-8272-430AB763C9E3}"
EndProject
Global
	GlobalSection(SolutionConfigurationPlatforms) = preSolution
		Debug|ARM = Debug|ARM
		Debug|ARM64 = Debug|ARM64
		Debug|x86 = Debug|x86
		Release|ARM = Release|ARM
		Release|ARM64 = Release|ARM64
		Release|x86 = Release|x86
	EndGlobalSection
	GlobalSection(ProjectConfigurationPlatforms) = postSolution
		{37FDD4C5-FC2F-489C-90A5-403320030838}.Debug|ARM.ActiveCfg = Debug|ARM
		{37FDD4C5-FC2F-489C-90A5-403320030838}.Debug|ARM.Build.0 = Debug|ARM
		{37FDD4C5-FC2F-489C-90A5-403320030838}.Debug|ARM.Deploy.0 = Debug|ARM
		{37FDD4C5-FC2F-489C-90A5-403320030838}.Debug|ARM64.ActiveCfg = Debug|ARM64
		{37FDD4C5-FC2F-489C-90A5-403320030838}.Debug|ARM64.Build.0 = Debug|ARM64
		{37FDD4C5-FC2F-489C-90A5-403320030838}.Debug|ARM64.Deploy.0 = Debug|ARM64
		{37FDD4C5-FC2F-489C-90A5-403320030838}.Debug|x86.ActiveCfg = Debug|x86
		{37FDD4C5-FC2F-489C-90A5-403320030838}.Debug|x86.Build.0 = Debug|x86
		{37FDD4C5-FC2F-489C-90A5-403320030838}.Debug|x86.Deploy.0 = Debug|x86
		{37FDD4C5-FC2F-489C-90A5-403320030838}.Release|ARM.ActiveCfg = Release|ARM
		{37FDD4C5-FC2F-489C-90A5-403320030838}.Release|ARM.Build.0 = Release|ARM
		{37FDD4C5-FC2F-489C-90A5-403320030838}.Release|ARM.Deploy.0 = Release|ARM
		{37FDD4C5-FC2F-489C-90A5-403320030838}.Release|ARM64.ActiveCfg = Release|ARM64
		{37FDD4C5-FC2F-489C-90A5-403320030838}.Release|ARM64.Build.0 = Release|ARM64
		{37FDD4C5-FC2F-489C-90A5-403320030838}.Release|ARM64.Deploy.0 = Release|ARM64
		{37FDD4C5-FC2F-489C-90A5-403320030838}.Release|x86.ActiveCfg = Release|x86
		{37FDD4C5-FC2F-489C-90A5-403320030838}.Release|x86.Build.0 = Release|x86
		{37FDD4C5-FC2F-489C-90A5-403320030838}.Release|x86.Deploy.0 = Release|x86
		{5BFFD5C2-8FDD-4662-8DBC-D4FF3A490A2A}.Debug|ARM.ActiveCfg = Debug|ARM
		{5BFFD5C2-8FDD-4662-8DBC-D4FF3A490A2A}.Debug|ARM.Build.0 = Debug|ARM
		{5BFFD5C2-8FDD-4662-8DBC-D4FF3A490A2A}.Debug|ARM.Deploy.0 = Debug|ARM
		{5BFFD5C2-8FDD-4662-8DBC-D4FF3A490A2A}.Debug|ARM64.ActiveCfg = Debug|ARM64
		{5BFFD5C2-8FDD-4662-8DBC-D4FF3A490A2A}.Debug|ARM64.Build.0 = Debug|ARM64
		{5BFFD5C2-8FDD-4662-8DBC-D4FF3A490A2A}.Debug|ARM64.Deploy.0 = Debug|ARM64
		{5BFFD5C2-8FDD-4662-8DBC-D4FF3A490A2A}.Debug|x86.ActiveCfg = Debug|x86
		{5BFFD5C2-8FDD-4662-8DBC-D4FF3A490A2A}.Debug|x86.Build.0 = Debug|x86
		{5BFFD5C2-8FDD-4662-8DBC-D4FF3A490A2A}.Debug|x86.Deploy.0 = Debug|x86
		{5BFFD5C2-8FDD-4662-8DBC-D4FF3A490A2A}.Release|ARM.ActiveCfg = Release|ARM
		{5BFFD5C2-8FDD-4662-8DBC-D4FF3A490A2A}.Release|ARM.Build.0 = Release|ARM
		{5BFFD5C2-8FDD-4662-8DBC-D4FF3A490A2A}.Release|ARM.Deploy.0 = Release|ARM
		{5BFFD5C2-8FDD-4662-8DBC-D4FF3A490A2A}.Release|ARM64.ActiveCfg = Release|ARM64
		{5BFFD5C2-8FDD-4662-8DBC-D4FF3A490A2A}.Release|ARM64.Build.0 = Release|ARM64
		{5BFFD5C2-8FDD-4662-8DBC-D4FF3A490A2A}.Release|ARM64.Deploy.0 = Release|ARM64
		{5BFFD5C2-8FDD-4662-8DBC-D4FF3A490A2A}.Release|x86.ActiveCfg = Release|x86
		{5BFFD5C2-8FDD-4662-8DBC-D4FF3A490A2A}.Release|x86.Build.0 = Release|x86
		{5BFFD5C2-8FDD-4662-8DBC-D4FF3A490A2A}.Release|x86.Deploy.0 = Release|x86
		{3E9386B9-C817-410E-B088-BEABCF13C5DB}.Debug|ARM.ActiveCfg = Debug|ARM
		{3E9386B9-C817-410E-B088-BEABCF13C5DB}.Debug|ARM.Build.0 = Debug|ARM
		{3E9386B9-C817-410E-B088-BEABCF13C5DB}.Debug|ARM.Deploy.0 = Debug|ARM
		{3E9386B9-C817-410E-B088-BEABCF13C5DB}.Debug|ARM64.ActiveCfg = Debug|ARM64
		{3E9386B9-C817-410E-B088-BEABCF13C5DB}.Debug|ARM64.Build.0 = Debug|ARM64
		{3E9386B9-C817-410E-B088-BEABCF13C5DB}.Debug|ARM64.Deploy.0 = Debug|ARM64
		{3E9386B9-C817-410E-B088-BEABCF13C5DB}.Debug|x86.ActiveCfg = Debug|x86
		{3E9386B9-C817-410E-B088-BEABCF13C5DB}.Debug|x86.Build.0 = Debug|x86
		{3E9386B9-C817-410E-B088-BEABCF13C5DB}.Debug|x86.Deploy.0 = Debug|x86
		{3E9386B9-C817-410E-B088-BEABCF13C5DB}.Release|ARM.ActiveCfg = Release|ARM
		{3E9386B9-C817-410E-B088-BEABCF13C5DB}.Release|ARM.Build.0 = Release|ARM
		{3E9386B9-C817-410E-B088-BEABCF13C5DB}.Release|ARM.Deploy.0 = Release|ARM
		{3E9386B9-C817-410E-B088-BEABCF13C5DB}.Release|ARM64.ActiveCfg = Release|ARM64
		{3E9386B9-C817-410E-B088-BEABCF13C5DB}.Release|ARM64.Build.0 = Release|ARM64
		{3E9386B9-C817-410E-B088-BEABCF13C5DB}.Release|ARM64.Deploy.0 = Release|ARM64
		{3E9386B9-C817-410E-B088-BEABCF13C5DB}.Release|x86.ActiveCfg = Release|x86
		{3E9386B9-C817-410E-B088-BEABCF13C5DB}.Release|x86.Build.0 = Release|x86
		{3E9386B9-C817-410E-B088-BEABCF13C5DB}.Release|x86.Deploy.0 = Release|x86
		{70F4EDFE-F816-4F4B-98B5-5E0D34599CB6}.Debug|ARM.ActiveCfg = Debug|ARM
		{70F4EDFE-F816-4F4B-98B5-5E0D34599CB6}.Debug|ARM.Build.0 = Debug|ARM
		{70F4EDFE-F816-4F4B-98B5-5E0D34599CB6}.Debug|ARM.Deploy.0 = Debug|ARM
		{70F4EDFE-F816-4F4B-98B5-5E0D34599CB6}.Debug|ARM64.ActiveCfg = Debug|ARM64
		{70F4EDFE-F816-4F4B-98B5-5E0D34599CB6}.Debug|ARM64.Build.0 = Debug|ARM64
		{70F4EDFE-F816-4F4B-98B5-5E0D34599CB6}.Debug|ARM64.Deploy.0 = Debug|ARM64
		{70F4EDFE-F816-4F4B-98B5-5E0D34599CB6}.Debug|x86.ActiveCfg = Debug|x86
		{70F4EDFE-F816-4F4B-98B5-5E0D34599CB6}.Debug|x86.Build.0 = Debug|x86
		{70F4EDFE-F816-4F4B-98B5-5E0D34599CB6}.Debug|x86.Deploy.0 = Debug|x86
		{70F4EDFE-F816-4F4B-98B5-5E0D34599CB6}.Release|ARM.ActiveCfg = Release|ARM
		{70F4EDFE-F816-4F4B-98B5-5E0D34599CB6}.Release|ARM.Build.0 = Release|ARM
		{70F4EDFE-F816-4F4B-98B5-5E0D34599CB6}.Release|ARM.Deploy.0 = Release|ARM
		{70F4EDFE-F816-4F4B-98B5-5E0D34599CB6}.Release|ARM64.ActiveCfg = Release|ARM64
		{70F4EDFE-F816-4F4B-98B5-5E0D34599CB6}.Release|ARM64.Build.0 = Release|ARM64
		{70F4EDFE-F816-4F4B-98B5-5E0D34599CB6}.Release|ARM64.Deploy.0 = Release|ARM64
		{70F4EDFE-F816-4F4B-98B5-5E0D34599CB6}.Release|x86.ActiveCfg = Release|x86
		{70F4EDFE-F816-4F4B-98B5-5E0D34599CB6}.Release|x86.Build.0 = Release|x86
		{70F4EDFE-F816-4F4B-98B5-5E0D34599CB6}.Release|x86.Deploy.0 = Release|x86
		{13BC6503-4054-4C2B-B015-DB4538311FA3}.Debug|ARM.ActiveCfg = Debug|ARM
		{13BC6503-4054-4C2B-B015-DB4538311FA3}.Debug|ARM.Build.0 = Debug|ARM
		{13BC6503-4054-4C2B-B015-DB4538311FA3}.Debug|ARM.Deploy.0 = Debug|ARM
		{13BC6503-4054-4C2B-B015-DB4538311FA3}.Debug|ARM64.ActiveCfg = Debug|ARM64
		{13BC6503-4054-4C2B-B015-DB4538311FA3}.Debug|ARM64.Build.0 = Debug|ARM64
		{13BC6503-4054-4C2B-B015-DB4538311FA3}.Debug|ARM64.Deploy.0 = Debug|ARM64
		{13BC6503-4054-4C2B-B015-DB4538311FA3}.Debug|x86.ActiveCfg = Debug|x86
		{13BC6503-4054-4C2B-B015-DB4538311FA3}.Debug|x86.Build.0 = Debug|x86
		{13BC6503-4054-4C2B-B015-DB4538311FA3}.Debug|x86.Deploy.0 = Debug|x86
		{13BC6503-4054-4C2B-B015-DB4538311FA3}.Release|ARM.ActiveCfg = Release|ARM
		{13BC6503-4054-4C2B-B015-DB4538311FA3}.Release|ARM.Build.0 = Release|ARM
		{13BC6503-4054-4C2B-B015-DB4538311FA3}.Release|ARM.Deploy.0 = Release|ARM
		{13BC6503-4054-4C2B-B015-DB4538311FA3}.Release|ARM64.ActiveCfg = Release|ARM64
		{13BC6503-4054-4C2B-B015-DB4538311FA3}.Release|ARM64.Build.0 = Release|ARM64
		{13BC6503-4054-4C2B-B015-DB4538311FA3}.Release|ARM64.Deploy.0 = Release|ARM64
		{13BC6503-4054-4C2B-B015-DB4538311FA3}.Release|x86.ActiveCfg = Release|x86
		{13BC6503-4054-4C2B-B015-DB4538311FA3}.Release|x86.Build.0 = Release|x86
		{13BC6503-4054-4C2B-B015-DB4538311FA3}.Release|x86.Deploy.0 = Release|x86
		{E1AFC5D6-7103-4B32-BBDD-FF491A8AFC14}.Debug|ARM.ActiveCfg = Debug|ARM
		{E1AFC5D6-7103-4B32-BBDD-FF491A8AFC14}.Debug|ARM.Build.0 = Debug|ARM
		{E1AFC5D6-7103-4B32-BBDD-FF491A8AFC14}.Debug|ARM.Deploy.0 = Debug|ARM
		{E1AFC5D6-7103-4B32-BBDD-FF491A8AFC14}.Debug|ARM64.ActiveCfg = Debug|ARM64
		{E1AFC5D6-7103-4B32-BBDD-FF491A8AFC14}.Debug|ARM64.Build.0 = Debug|ARM64
		{E1AFC5D6-7103-4B32-BBDD-FF491A8AFC14}.Debug|ARM64.Deploy.0 = Debug|ARM64
		{E1AFC5D6-7103-4B32-BBDD-FF491A8AFC14}.Debug|x86.ActiveCfg = Debug|x86
		{E1AFC5D6-7103-4B32-BBDD-FF491A8AFC14}.Debug|x86.Build.0 = Debug|x86
		{E1AFC5D6-7103-4B32-BBDD-FF491A8AFC14}.Debug|x86.Deploy.0 = Debug|x86
		{E1AFC5D6-7103-4B32-BBDD-FF491A8AFC14}.Release|ARM.ActiveCfg = Release|ARM
		{E1AFC5D6-7103-4B32-BBDD-FF491A8AFC14}.Release|ARM.Build.0 = Release|ARM
		{E1AFC5D6-7103-4B32-BBDD-FF491A8AFC14}.Release|ARM.Deploy.0 = Release|ARM
		{E1AFC5D6-7103-4B32-BBDD-FF491A8AFC14}.Release|ARM64.ActiveCfg = Release|ARM64
		{E1AFC5D6-7103-4B32-BBDD-FF491A8AFC14}.Release|ARM64.Build.0 = Release|ARM64
		{E1AFC5D6-7103-4B32-BBDD-FF491A8AFC14}.Release|ARM64.Deploy.0 = Release|ARM64
		{E1AFC5D6-7103-4B32-BBDD-FF491A8AFC14}.Release|x86.ActiveCfg = Release|x86
		{E1AFC5D6-7103-4B32-BBDD-FF491A8AFC14}.Release|x86.Build.0 = Release|x86
		{E1AFC5D6-7103-4B32-BBDD-FF491A8AFC14}.Release|x86.Deploy.0 = Release|x86
		{C0876F29-90B0-46A6-9017-A065C8D33E5F}.Debug|ARM.ActiveCfg = Debug|ARM
		{C0876F29-90B0-46A6-9017-A065C8D33E5F}.Debug|ARM.Build.0 = Debug|ARM
		{C0876F29-90B0-46A6-9017-A065C8D33E5F}.Debug|ARM.Deploy.0 = Debug|ARM
		{C0876F29-90B0-46A6-9017-A065C8D33E5F}.Debug|ARM64.ActiveCfg = Debug|ARM64
		{C0876F29-90B0-46A6-9017-A065C8D33E5F}.Debug|ARM64.Build.0 = Debug|ARM64
		{C0876F29-90B0-46A6-9017-A065C8D33E5F}.Debug|ARM64.Deploy.0 = Debug|ARM64
		{C0876F29-90B0-46A6-9017-A065C8D33E5F}.Debug|x86.ActiveCfg = Debug|x86
		{C0876F29-90B0-46A6-9017-A065C8D33E5F}.Debug|x86.Build.0 = Debug|x86
		{C0876F29-90B0-46A6-9017-A065C8D33E5F}.Debug|x86.Deploy.0 = Debug|x86
		{C0876F29-90B0-46A6-9017-A065C8D33E5F}.Release|ARM.ActiveCfg = Release|ARM
		{C0876F29-90B0-46A6-9017-A065C8D33E5F}.Release|ARM.Build.0 = Release|ARM
		{C0876F29-90B0-46A6-9017-A065C8D33E5F}.Release|ARM.Deploy.0 = Release|ARM
		{C0876F29-90B0-46A6-9017-A065C8D33E5F}.Release|ARM64.ActiveCfg = Release|ARM64
		{C0876F29-90B0-46A6-9017-A065C8D33E5F}.Release|ARM64.Build.0 = Release|ARM64
		{C0876F29-90B0-46A6-9017-A065C8D33E5F}.Release|ARM64.Deploy.0 = Release|ARM64
		{C0876F29-90B0-46A6-9017-A065C8D33E5F}.Release|x86.ActiveCfg = Release|x86
		{C0876F29-90B0-46A6-9017-A065C8D33E5F}.Release|x86.Build.0 = Release|x86
		{C0876F29-90B0-46A6-9017-A065C8D33E5F}.Release|x86.Deploy.0 = Release|x86
		{E316E33F-CACB-4AA8-AB87-B50C7E39C23F}.Debug|ARM.ActiveCfg = Debug|ARM
		{E316E33F-CACB-4AA8-AB87-B50C7E39C23F}.Debug|ARM.Build.0 = Debug|ARM
		{E316E33F-CACB-4AA8-AB87-B50C7E39C23F}.Debug|ARM.Deploy.0 = Debug|ARM
		{E316E33F-CACB-4AA8-AB87-B50C7E39C23F}.Debug|ARM64.ActiveCfg = Debug|ARM64
		{E316E33F-CACB-4AA8-AB87-B50C7E39C23F}.Debug|ARM64.Build.0 = Debug|ARM64
		{E316E33F-CACB-4AA8-AB87-B50C7E39C23F}.Debug|ARM64.Deploy.0 = Debug|ARM64
		{E316E33F-CACB-4AA8-AB87-B50C7E39C23F}.Debug|x86.ActiveCfg = Debug|ARM
		{E316E33F-CACB-4AA8-AB87-B50C7E39C23F}.Debug|x86.Build.0 = Debug|ARM
		{E316E33F-CACB-4AA8-AB87-B50C7E39C23F}.Debug|x86.Deploy.0 = Debug|ARM
		{E316E33F-CACB-4AA8-AB87-B50C7E39C23F}.Release|ARM.ActiveCfg = Release|ARM
		{E316E33F-CACB-4AA8-AB87-B50C7E39C23F}.Release|ARM.Build.0 = Release|ARM
		{E316E33F-CACB-4AA8-AB87-B50C7E39C23F}.Release|ARM.Deploy.0 = Release|ARM
		{E316E33F-CACB-4AA8-AB87-B50C7E39C23F}.Release|ARM64.ActiveCfg = Release|ARM64
		{E316E33F-CACB-4AA8-AB87-B50C7E39C23F}.Release|ARM64.Build.0 = Release|ARM64
		{E316E33F-CACB-4AA8-AB87-B50C7E39C23F}.Release|ARM64.Deploy.0 = Release|ARM64
		{E316E33F-CACB-4AA8-AB87-B50C7E39C23F}.Release|x86.ActiveCfg = Release|ARM
		{E316E33F-CACB-4AA8-AB87-B50C7E39C23F}.Release|x86.Build.0 = Release|ARM
		{E316E33F-CACB-4AA8-AB87-B50C7E39C23F}.Release|x86.Deploy.0 = Release|ARM
		{CC6542A7-DF6E-44D2-8C1E-D288F7F32C95}.Debug|ARM.ActiveCfg = Debug|ARM
		{CC6542A7-DF6E-44D2-8C1E-D288F7F32C95}.Debug|ARM.Build.0 = Debug|ARM
		{CC6542A7-DF6E-44D2-8C1E-D288F7F32C95}.Debug|ARM.Deploy.0 = Debug|ARM
		{CC6542A7-DF6E-44D2-8C1E-D288F7F32C95}.Debug|ARM64.ActiveCfg = Debug|ARM64
		{CC6542A7-DF6E-44D2-8C1E-D288F7F32C95}.Debug|ARM64.Build.0 = Debug|ARM64
		{CC6542A7-DF6E-44D2-8C1E-D288F7F32C95}.Debug|ARM64.Deploy.0 = Debug|ARM64
		{CC6542A7-DF6E-44D2-8C1E-D288F7F32C95}.Debug|x86.ActiveCfg = Debug|ARM
		{CC6542A7-DF6E-44D2-8C1E-D288F7F32C95}.Debug|x86.Build.0 = Debug|ARM
		{CC6542A7-DF6E-44D2-8C1E-D288F7F32C95}.Debug|x86.Deploy.0 = Debug|ARM
		{CC6542A7-DF6E-44D2-8C1E-D288F7F32C95}.Release|ARM.ActiveCfg = Release|ARM
		{CC6542A7-DF6E-44D2-8C1E-D288F7F32C95}.Release|ARM.Build.0 = Release|ARM
		{CC6542A7-DF6E-44D2-8C1E-D288F7F32C95}.Release|ARM.Deploy.0 = Release|ARM
		{CC6542A7-DF6E-44D2-8C1E-D288F7F32C95}.Release|ARM64.ActiveCfg = Release|ARM64
		{CC6542A7-DF6E-44D2-8C1E-D288F7F32C95}.Release|ARM64.Build.0 = Release|ARM64
		{CC6542A7-DF6E-44D2-8C1E-D288F7F32C95}.Release|ARM64.Deploy.0 = Release|ARM64
		{CC6542A7-DF6E-44D2-8C1E-D288F7F32C95}.Release|x86.ActiveCfg = Release|ARM
		{CC6542A7-DF6E-44D2-8C1E-D288F7F32C95}.Release|x86.Build.0 = Release|ARM
		{CC6542A7-DF6E-44D2-8C1E-D288F7F32C95}.Release|x86.Deploy.0 = Release|ARM
		{6BF34FBA-3CFD-4D8B-8878-7EE8203A0548}.Debug|ARM.ActiveCfg = Debug|ARM
		{6BF34FBA-3CFD-4D8B-8878-7EE8203A0548}.Debug|ARM.Build.0 = Debug|ARM
		{6BF34FBA-3CFD-4D8B-8878-7EE8203A0548}.Debug|ARM.Deploy.0 = Debug|ARM
		{6BF34FBA-3CFD-4D8B-8878-7EE8203A0548}.Debug|ARM64.ActiveCfg = Debug|ARM64
		{6BF34FBA-3CFD-4D8B-8878-7EE8203A0548}.Debug|ARM64.Build.0 = Debug|ARM64
		{6BF34FBA-3CFD-4D8B-8878-7EE8203A0548}.Debug|ARM64.Deploy.0 = Debug|ARM64
		{6BF34FBA-3CFD-4D8B-8878-7EE8203A0548}.Debug|x86.ActiveCfg = Debug|ARM
		{6BF34FBA-3CFD-4D8B-8878-7EE8203A0548}.Debug|x86.Build.0 = Debug|ARM
		{6BF34FBA-3CFD-4D8B-8878-7EE8203A0548}.Debug|x86.Deploy.0 = Debug|ARM
		{6BF34FBA-3CFD-4D8B-8878-7EE8203A0548}.Release|ARM.ActiveCfg = Release|ARM
		{6BF34FBA-3CFD-4D8B-8878-7EE8203A0548}.Release|ARM.Build.0 = Release|ARM
		{6BF34FBA-3CFD-4D8B-8878-7EE8203A0548}.Release|ARM.Deploy.0 = Release|ARM
		{6BF34FBA-3CFD-4D8B-8878-7EE8203A0548}.Release|ARM64.ActiveCfg = Release|ARM64
		{6BF34FBA-3CFD-4D8B-8878-7EE8203A0548}.Release|ARM64.Build.0 = Release|ARM64
		{6BF34FBA-3CFD-4D8B-8878-7EE8203A0548}.Release|ARM64.Deploy.0 = Release|ARM64
		{6BF34FBA-3CFD-4D8B-8878-7EE8203A0548}.Release|x86.ActiveCfg = Release|ARM
		{6BF34FBA-3CFD-4D8B-8878-7EE8203A0548}.Release|x86.Build.0 = Release|ARM
		{6BF34FBA-3CFD-4D8B-8878-7EE8203A0548}.Release|x86.Deploy.0 = Release|ARM
		{65F33D18-A912-4AC3-8272-430AB763C9E3}.Debug|ARM.ActiveCfg = Debug|ARM
		{65F33D18-A912-4AC3-8272-430AB763C9E3}.Debug|ARM.Build.0 = Debug|ARM
		{65F33D18-A912-4AC3-8272-430AB763C9E3}.Debug|ARM.Deploy.0 = Debug|ARM
		{65F33D18-A912-4AC3-8272-430AB763C9E3}.Debug|ARM64.ActiveCfg = Debug|ARM64
		{65F33D18-A912-4AC3-8272-430AB763C9E3}.Debug|ARM64.Build.0 = Debug|ARM64
		{65F33D18-A912-4AC3-8272-430AB763C9E3}.Debug|ARM64.Deploy.0 = Debug|ARM64
		{65F33D18-A912-4AC3-8272-430AB763C9E3}.Debug|x86.ActiveCfg = Debug|ARM
		{65F33D18-A912-4AC3-8272-430AB763C9E3}.Debug|x86.Build.0 = Debug|ARM
		{65F33D18-A912-4AC3-8272-430AB763C9E3}.Debug|x86.Deploy.0 = Debug|ARM
		{65F33D18-A912-4AC3-8272-430AB763C9E3}.Release|ARM.ActiveCfg = Release|ARM
		{65F33D18-A912-4AC3-8272-430AB763C9E3}.Release|ARM.Build.0 = Release|ARM
		{65F33D18-A912-4AC3-8272-430AB763C9E3}.Release|ARM.Deploy.0 = Release|ARM
		{65F33D18-A912-4AC3-8272-430AB763C9E3}.Release|ARM64.ActiveCfg = Release|ARM64
		{65F33D18-A912-4AC3-8272-430AB763C9E3}.Release|ARM64.Build.0 = Release|ARM64
		{65F33D18-A912-4AC3-8272-430AB763C9E3}.Release|ARM64.Deploy.0 = Release|ARM64
		{65F33D18-A912-4AC3-8272-430AB763C9E3}.Release|x86.ActiveCfg = Release|ARM
		{65F33D18-A912-4AC3-8272-430AB763C9E3}.Release|x86.Build.0 = Release|ARM
		{65F33D18-A912-4AC3-8272-430AB763C9E3}.Release|x86.Deploy.0 = Release|ARM
	EndGlobalSection
	GlobalSection(SolutionProperties) = preSolution
		HideSolutionNode = FALSE
	EndGlobalSection
	GlobalSection(ExtensibilityGlobals) = postSolution
		SolutionGuid = {C81058F6-3751-410F-B123-367119A39B54}
	EndGlobalSection
EndGlobal
