
Microsoft Visual Studio Solution File, Format Version 12.00
# Visual Studio Version 17
VisualStudioVersion = 17.9.34728.123
MinimumVisualStudioVersion = 10.0.40219.1
Project("{8BC9CEB8-8B4A-11D0-8D11-00A0C91BC942}") = "O_MAS", "O_MAS.vcxproj", "{790B6467-AC67-4D95-B300-16A03E1A5AD3}"
EndProject
Project("{8BC9CEB8-8B4A-11D0-8D11-00A0C91BC942}") = "O_OCC", "..\O_OCC\O_OCC.vcxproj", "{45114A3E-320E-4C71-8654-71C67083D08D}"
EndProject
Project("{8BC9CEB8-8B4A-11D0-8D11-00A0C91BC942}") = "O_LEG", "..\O_LEG\O_LEG.vcxproj", "{8C439CEF-FD05-4D95-A9D8-6AB82E8BAD76}"
EndProject
Project("{8BC9CEB8-8B4A-11D0-8D11-00A0C91BC942}") = "O_BTN", "..\O_BTN\O_BTN.vcxproj", "{7074205C-3733-422C-83BD-FCEA4C5EF46D}"
EndProject
Project("{8BC9CEB8-8B4A-11D0-8D11-00A0C91BC942}") = "O_LED", "..\O_LED\O_LED.vcxproj", "{C85AD130-01E3-4D9A-9EAA-55D4677EBADF}"
EndProject
Project("{8BC9CEB8-8B4A-11D0-8D11-00A0C91BC942}") = "O_SNS", "..\O_SNS\O_SNS.vcxproj", "{E8803E73-862C-40D8-8AC8-25887EBC18D0}"
EndProject
Project("{8BC9CEB8-8B4A-11D0-8D11-00A0C91BC942}") = "O_SWT", "..\O_SWT\O_SWT.vcxproj", "{0074B67D-C75D-4016-809F-73EBACB04C74}"
EndProject
Global
	GlobalSection(SolutionConfigurationPlatforms) = preSolution
		Debug|ARM = Debug|ARM
		Debug|ARM64 = Debug|ARM64
		Release|ARM = Release|ARM
		Release|ARM64 = Release|ARM64
	EndGlobalSection
	GlobalSection(ProjectConfigurationPlatforms) = postSolution
		{790B6467-AC67-4D95-B300-16A03E1A5AD3}.Debug|ARM.ActiveCfg = Debug|ARM
		{790B6467-AC67-4D95-B300-16A03E1A5AD3}.Debug|ARM.Build.0 = Debug|ARM
		{790B6467-AC67-4D95-B300-16A03E1A5AD3}.Debug|ARM.Deploy.0 = Debug|ARM
		{790B6467-AC67-4D95-B300-16A03E1A5AD3}.Debug|ARM64.ActiveCfg = Debug|ARM64
		{790B6467-AC67-4D95-B300-16A03E1A5AD3}.Debug|ARM64.Build.0 = Debug|ARM64
		{790B6467-AC67-4D95-B300-16A03E1A5AD3}.Debug|ARM64.Deploy.0 = Debug|ARM64
		{790B6467-AC67-4D95-B300-16A03E1A5AD3}.Release|ARM.ActiveCfg = Release|ARM
		{790B6467-AC67-4D95-B300-16A03E1A5AD3}.Release|ARM.Build.0 = Release|ARM
		{790B6467-AC67-4D95-B300-16A03E1A5AD3}.Release|ARM.Deploy.0 = Release|ARM
		{790B6467-AC67-4D95-B300-16A03E1A5AD3}.Release|ARM64.ActiveCfg = Release|ARM64
		{790B6467-AC67-4D95-B300-16A03E1A5AD3}.Release|ARM64.Build.0 = Release|ARM64
		{790B6467-AC67-4D95-B300-16A03E1A5AD3}.Release|ARM64.Deploy.0 = Release|ARM64
		{45114A3E-320E-4C71-8654-71C67083D08D}.Debug|ARM.ActiveCfg = Debug|ARM
		{45114A3E-320E-4C71-8654-71C67083D08D}.Debug|ARM.Build.0 = Debug|ARM
		{45114A3E-320E-4C71-8654-71C67083D08D}.Debug|ARM.Deploy.0 = Debug|ARM
		{45114A3E-320E-4C71-8654-71C67083D08D}.Debug|ARM64.ActiveCfg = Debug|ARM64
		{45114A3E-320E-4C71-8654-71C67083D08D}.Debug|ARM64.Build.0 = Debug|ARM64
		{45114A3E-320E-4C71-8654-71C67083D08D}.Debug|ARM64.Deploy.0 = Debug|ARM64
		{45114A3E-320E-4C71-8654-71C67083D08D}.Release|ARM.ActiveCfg = Release|ARM
		{45114A3E-320E-4C71-8654-71C67083D08D}.Release|ARM.Build.0 = Release|ARM
		{45114A3E-320E-4C71-8654-71C67083D08D}.Release|ARM.Deploy.0 = Release|ARM
		{45114A3E-320E-4C71-8654-71C67083D08D}.Release|ARM64.ActiveCfg = Release|ARM64
		{45114A3E-320E-4C71-8654-71C67083D08D}.Release|ARM64.Build.0 = Release|ARM64
		{45114A3E-320E-4C71-8654-71C67083D08D}.Release|ARM64.Deploy.0 = Release|ARM64
		{8C439CEF-FD05-4D95-A9D8-6AB82E8BAD76}.Debug|ARM.ActiveCfg = Debug|ARM
		{8C439CEF-FD05-4D95-A9D8-6AB82E8BAD76}.Debug|ARM.Build.0 = Debug|ARM
		{8C439CEF-FD05-4D95-A9D8-6AB82E8BAD76}.Debug|ARM.Deploy.0 = Debug|ARM
		{8C439CEF-FD05-4D95-A9D8-6AB82E8BAD76}.Debug|ARM64.ActiveCfg = Debug|ARM64
		{8C439CEF-FD05-4D95-A9D8-6AB82E8BAD76}.Debug|ARM64.Build.0 = Debug|ARM64
		{8C439CEF-FD05-4D95-A9D8-6AB82E8BAD76}.Debug|ARM64.Deploy.0 = Debug|ARM64
		{8C439CEF-FD05-4D95-A9D8-6AB82E8BAD76}.Release|ARM.ActiveCfg = Release|ARM
		{8C439CEF-FD05-4D95-A9D8-6AB82E8BAD76}.Release|ARM.Build.0 = Release|ARM
		{8C439CEF-FD05-4D95-A9D8-6AB82E8BAD76}.Release|ARM.Deploy.0 = Release|ARM
		{8C439CEF-FD05-4D95-A9D8-6AB82E8BAD76}.Release|ARM64.ActiveCfg = Release|ARM64
		{8C439CEF-FD05-4D95-A9D8-6AB82E8BAD76}.Release|ARM64.Build.0 = Release|ARM64
		{8C439CEF-FD05-4D95-A9D8-6AB82E8BAD76}.Release|ARM64.Deploy.0 = Release|ARM64
		{7074205C-3733-422C-83BD-FCEA4C5EF46D}.Debug|ARM.ActiveCfg = Debug|ARM
		{7074205C-3733-422C-83BD-FCEA4C5EF46D}.Debug|ARM.Build.0 = Debug|ARM
		{7074205C-3733-422C-83BD-FCEA4C5EF46D}.Debug|ARM.Deploy.0 = Debug|ARM
		{7074205C-3733-422C-83BD-FCEA4C5EF46D}.Debug|ARM64.ActiveCfg = Debug|ARM64
		{7074205C-3733-422C-83BD-FCEA4C5EF46D}.Debug|ARM64.Build.0 = Debug|ARM64
		{7074205C-3733-422C-83BD-FCEA4C5EF46D}.Debug|ARM64.Deploy.0 = Debug|ARM64
		{7074205C-3733-422C-83BD-FCEA4C5EF46D}.Release|ARM.ActiveCfg = Release|ARM
		{7074205C-3733-422C-83BD-FCEA4C5EF46D}.Release|ARM.Build.0 = Release|ARM
		{7074205C-3733-422C-83BD-FCEA4C5EF46D}.Release|ARM.Deploy.0 = Release|ARM
		{7074205C-3733-422C-83BD-FCEA4C5EF46D}.Release|ARM64.ActiveCfg = Release|ARM64
		{7074205C-3733-422C-83BD-FCEA4C5EF46D}.Release|ARM64.Build.0 = Release|ARM64
		{7074205C-3733-422C-83BD-FCEA4C5EF46D}.Release|ARM64.Deploy.0 = Release|ARM64
		{C85AD130-01E3-4D9A-9EAA-55D4677EBADF}.Debug|ARM.ActiveCfg = Debug|ARM
		{C85AD130-01E3-4D9A-9EAA-55D4677EBADF}.Debug|ARM.Build.0 = Debug|ARM
		{C85AD130-01E3-4D9A-9EAA-55D4677EBADF}.Debug|ARM.Deploy.0 = Debug|ARM
		{C85AD130-01E3-4D9A-9EAA-55D4677EBADF}.Debug|ARM64.ActiveCfg = Debug|ARM64
		{C85AD130-01E3-4D9A-9EAA-55D4677EBADF}.Debug|ARM64.Build.0 = Debug|ARM64
		{C85AD130-01E3-4D9A-9EAA-55D4677EBADF}.Debug|ARM64.Deploy.0 = Debug|ARM64
		{C85AD130-01E3-4D9A-9EAA-55D4677EBADF}.Release|ARM.ActiveCfg = Release|ARM
		{C85AD130-01E3-4D9A-9EAA-55D4677EBADF}.Release|ARM.Build.0 = Release|ARM
		{C85AD130-01E3-4D9A-9EAA-55D4677EBADF}.Release|ARM.Deploy.0 = Release|ARM
		{C85AD130-01E3-4D9A-9EAA-55D4677EBADF}.Release|ARM64.ActiveCfg = Release|ARM64
		{C85AD130-01E3-4D9A-9EAA-55D4677EBADF}.Release|ARM64.Build.0 = Release|ARM64
		{C85AD130-01E3-4D9A-9EAA-55D4677EBADF}.Release|ARM64.Deploy.0 = Release|ARM64
		{E8803E73-862C-40D8-8AC8-25887EBC18D0}.Debug|ARM.ActiveCfg = Debug|ARM
		{E8803E73-862C-40D8-8AC8-25887EBC18D0}.Debug|ARM.Build.0 = Debug|ARM
		{E8803E73-862C-40D8-8AC8-25887EBC18D0}.Debug|ARM.Deploy.0 = Debug|ARM
		{E8803E73-862C-40D8-8AC8-25887EBC18D0}.Debug|ARM64.ActiveCfg = Debug|ARM64
		{E8803E73-862C-40D8-8AC8-25887EBC18D0}.Debug|ARM64.Build.0 = Debug|ARM64
		{E8803E73-862C-40D8-8AC8-25887EBC18D0}.Debug|ARM64.Deploy.0 = Debug|ARM64
		{E8803E73-862C-40D8-8AC8-25887EBC18D0}.Release|ARM.ActiveCfg = Release|ARM
		{E8803E73-862C-40D8-8AC8-25887EBC18D0}.Release|ARM.Build.0 = Release|ARM
		{E8803E73-862C-40D8-8AC8-25887EBC18D0}.Release|ARM.Deploy.0 = Release|ARM
		{E8803E73-862C-40D8-8AC8-25887EBC18D0}.Release|ARM64.ActiveCfg = Release|ARM64
		{E8803E73-862C-40D8-8AC8-25887EBC18D0}.Release|ARM64.Build.0 = Release|ARM64
		{E8803E73-862C-40D8-8AC8-25887EBC18D0}.Release|ARM64.Deploy.0 = Release|ARM64
		{0074B67D-C75D-4016-809F-73EBACB04C74}.Debug|ARM.ActiveCfg = Debug|ARM
		{0074B67D-C75D-4016-809F-73EBACB04C74}.Debug|ARM.Build.0 = Debug|ARM
		{0074B67D-C75D-4016-809F-73EBACB04C74}.Debug|ARM.Deploy.0 = Debug|ARM
		{0074B67D-C75D-4016-809F-73EBACB04C74}.Debug|ARM64.ActiveCfg = Debug|ARM64
		{0074B67D-C75D-4016-809F-73EBACB04C74}.Debug|ARM64.Build.0 = Debug|ARM64
		{0074B67D-C75D-4016-809F-73EBACB04C74}.Debug|ARM64.Deploy.0 = Debug|ARM64
		{0074B67D-C75D-4016-809F-73EBACB04C74}.Release|ARM.ActiveCfg = Release|ARM
		{0074B67D-C75D-4016-809F-73EBACB04C74}.Release|ARM.Build.0 = Release|ARM
		{0074B67D-C75D-4016-809F-73EBACB04C74}.Release|ARM.Deploy.0 = Release|ARM
		{0074B67D-C75D-4016-809F-73EBACB04C74}.Release|ARM64.ActiveCfg = Release|ARM64
		{0074B67D-C75D-4016-809F-73EBACB04C74}.Release|ARM64.Build.0 = Release|ARM64
		{0074B67D-C75D-4016-809F-73EBACB04C74}.Release|ARM64.Deploy.0 = Release|ARM64
	EndGlobalSection
	GlobalSection(SolutionProperties) = preSolution
		HideSolutionNode = FALSE
	EndGlobalSection
	GlobalSection(ExtensibilityGlobals) = postSolution
		SolutionGuid = {4E171E22-2917-4D78-9256-DC63F809B8B5}
	EndGlobalSection
EndGlobal
